
Microsoft Visual Studio Solution File, Format Version 12.00
# Visual Studio Version 16
VisualStudioVersion = 25.0.1706.4
MinimumVisualStudioVersion = 10.0.40219.1
Project("{FAE04EC0-301F-11D3-BF4B-00C04F79EFBC}") = "bank-application", "bank-application\bank-application.csproj", "{893A4FE2-7231-47F9-A444-C90F7DFADE16}"
EndProject
Global
	GlobalSection(SolutionConfigurationPlatforms) = preSolution
		Debug|Any CPU = Debug|Any CPU
		Release|Any CPU = Release|Any CPU
	EndGlobalSection
	GlobalSection(ProjectConfigurationPlatforms) = postSolution
		{893A4FE2-7231-47F9-A444-C90F7DFADE16}.Debug|Any CPU.ActiveCfg = Debug|Any CPU
		{893A4FE2-7231-47F9-A444-C90F7DFADE16}.Debug|Any CPU.Build.0 = Debug|Any CPU
		{893A4FE2-7231-47F9-A444-C90F7DFADE16}.Release|Any CPU.ActiveCfg = Release|Any CPU
		{893A4FE2-7231-47F9-A444-C90F7DFADE16}.Release|Any CPU.Build.0 = Release|Any CPU
	EndGlobalSection
	GlobalSection(SolutionProperties) = preSolution
		HideSolutionNode = FALSE
	EndGlobalSection
	GlobalSection(ExtensibilityGlobals) = postSolution
		SolutionGuid = {C913D103-535D-4EEC-9FFD-7C7045B57A80}
	EndGlobalSection
EndGlobal
